{
  "version": 4,
  "terraform_version": "1.9.3",
  "serial": 5,
  "lineage": "daddcdb5-24f9-cf93-ae0c-db35973664c1",
  "outputs": {},
  "resources": [
    {
      "mode": "managed",
      "type": "spotify_playlist",
      "name": "playlist1",
      "provider": "provider[\"registry.terraform.io/conradludgate/spotify\"]",
      "instances": [
        {
          "schema_version": 0,
          "attributes": {
            "description": null,
            "id": "5ZijI2rU1rs4vG5EmXLX3h",
            "name": "Masood Playlist",
            "public": true,
            "snapshot_id": "AAAAAkDKSUhhJkR3fNUw52nfeTZOsuIH",
            "tracks": [
              "51EUKH2M1QGN50iGUlnxmU",
              "7qzsNpJvOR8attSueN3zqq",
              "1dZuiEX0EjvQai3N7BlUmT"
            ]
          },
          "sensitive_attributes": [],
          "private": "bnVsbA=="
        }
      ]
    }
  ],
  "check_results": null
}
